Microsoft Visual Studio Solution File, Format Version 12.00
# Visual Studio 2012
Project("{FAE04EC0-301F-11D3-BF4B-00C04F79EFBC}") = "KelteinenNolla", "KelteinenNolla.csproj", "{D5D5C96C-CBD4-4FEA-8066-593245FEF315}"
EndProject
Global
	GlobalSection(SolutionConfigurationPlatforms) = preSolution
	Debug|Any CPU = Debug|Any CPU
	ExportDebug|Any CPU = ExportDebug|Any CPU
	ExportRelease|Any CPU = ExportRelease|Any CPU
	EndGlobalSection
	GlobalSection(ProjectConfigurationPlatforms) = postSolution
		{D5D5C96C-CBD4-4FEA-8066-593245FEF315}.Debug|Any CPU.ActiveCfg = Debug|Any CPU
		{D5D5C96C-CBD4-4FEA-8066-593245FEF315}.Debug|Any CPU.Build.0 = Debug|Any CPU
		{D5D5C96C-CBD4-4FEA-8066-593245FEF315}.ExportDebug|Any CPU.ActiveCfg = ExportDebug|Any CPU
		{D5D5C96C-CBD4-4FEA-8066-593245FEF315}.ExportDebug|Any CPU.Build.0 = ExportDebug|Any CPU
		{D5D5C96C-CBD4-4FEA-8066-593245FEF315}.ExportRelease|Any CPU.ActiveCfg = ExportRelease|Any CPU
		{D5D5C96C-CBD4-4FEA-8066-593245FEF315}.ExportRelease|Any CPU.Build.0 = ExportRelease|Any CPU
	EndGlobalSection
EndGlobal
